
Microsoft Visual Studio Solution File, Format Version 12.00
# Visual Studio Version 17
VisualStudioVersion = 17.5.33530.505
MinimumVisualStudioVersion = 10.0.40219.1
Project("{FAE04EC0-301F-11D3-BF4B-00C04F79EFBC}") = "aplicativo.windows.forms", "aplicativo.windows.forms\aplicativo.windows.forms.csproj", "{029513DD-F92E-4566-BAB3-F95F4A72DE5D}"
EndProject
Global
	GlobalSection(SolutionConfigurationPlatforms) = preSolution
		Debug|Any CPU = Debug|Any CPU
		Release|Any CPU = Release|Any CPU
	EndGlobalSection
	GlobalSection(ProjectConfigurationPlatforms) = postSolution
		{029513DD-F92E-4566-BAB3-F95F4A72DE5D}.Debug|Any CPU.ActiveCfg = Debug|Any CPU
		{029513DD-F92E-4566-BAB3-F95F4A72DE5D}.Debug|Any CPU.Build.0 = Debug|Any CPU
		{029513DD-F92E-4566-BAB3-F95F4A72DE5D}.Release|Any CPU.ActiveCfg = Release|Any CPU
		{029513DD-F92E-4566-BAB3-F95F4A72DE5D}.Release|Any CPU.Build.0 = Release|Any CPU
	EndGlobalSection
	GlobalSection(SolutionProperties) = preSolution
		HideSolutionNode = FALSE
	EndGlobalSection
	GlobalSection(ExtensibilityGlobals) = postSolution
		SolutionGuid = {110DD86E-6457-4DF6-8C32-2BE146C2A518}
	EndGlobalSection
EndGlobal
